Microsoft Visual Studio Solution File, Format Version 12.00
# Visual Studio 15
Project("{8BC9CEB8-8B4A-11D0-8D11-00A0C91BC942}") = "ALL_BUILD", "ALL_BUILD.vcxproj", "{6A3D37FE-9A1F-3417-A1E3-1866D0912D68}"
	ProjectSection(ProjectDependencies) = postProject
		{DAA0692F-B1C1-39EA-8F2C-A0934698A7CC} = {DAA0692F-B1C1-39EA-8F2C-A0934698A7CC}
		{5E591803-66C9-3BF1-BF18-E65CEDD27633} = {5E591803-66C9-3BF1-BF18-E65CEDD27633}
		{5FB4B230-6B72-3323-9A3D-28DC7B04345E} = {5FB4B230-6B72-3323-9A3D-28DC7B04345E}
		{04C35C1D-AD0D-33F6-98CA-BDD5FA431B94} = {04C35C1D-AD0D-33F6-98CA-BDD5FA431B94}
		{F1100E36-54C5-3272-92F2-1D80CFBD7691} = {F1100E36-54C5-3272-92F2-1D80CFBD7691}
	EndProjectSection
EndProject
Project("{8BC9CEB8-8B4A-11D0-8D11-00A0C91BC942}") = "INSTALL", "INSTALL.vcxproj", "{E7D528CF-026A-3EE5-94F8-9985596E7E58}"
	ProjectSection(ProjectDependencies) = postProject
		{6A3D37FE-9A1F-3417-A1E3-1866D0912D68} = {6A3D37FE-9A1F-3417-A1E3-1866D0912D68}
		{DAA0692F-B1C1-39EA-8F2C-A0934698A7CC} = {DAA0692F-B1C1-39EA-8F2C-A0934698A7CC}
	EndProjectSection
EndProject
Project("{8BC9CEB8-8B4A-11D0-8D11-00A0C91BC942}") = "ZERO_CHECK", "ZERO_CHECK.vcxproj", "{DAA0692F-B1C1-39EA-8F2C-A0934698A7CC}"
	ProjectSection(ProjectDependencies) = postProject
	EndProjectSection
EndProject
Project("{8BC9CEB8-8B4A-11D0-8D11-00A0C91BC942}") = "attyscomm_static", "attyscomm_static.vcxproj", "{5E591803-66C9-3BF1-BF18-E65CEDD27633}"
	ProjectSection(ProjectDependencies) = postProject
		{DAA0692F-B1C1-39EA-8F2C-A0934698A7CC} = {DAA0692F-B1C1-39EA-8F2C-A0934698A7CC}
	EndProjectSection
EndProject
Project("{8BC9CEB8-8B4A-11D0-8D11-00A0C91BC942}") = "attysdemo", "examples\attysdemo.vcxproj", "{5FB4B230-6B72-3323-9A3D-28DC7B04345E}"
	ProjectSection(ProjectDependencies) = postProject
		{DAA0692F-B1C1-39EA-8F2C-A0934698A7CC} = {DAA0692F-B1C1-39EA-8F2C-A0934698A7CC}
		{5E591803-66C9-3BF1-BF18-E65CEDD27633} = {5E591803-66C9-3BF1-BF18-E65CEDD27633}
	EndProjectSection
EndProject
Project("{8BC9CEB8-8B4A-11D0-8D11-00A0C91BC942}") = "attystest", "test\attystest.vcxproj", "{04C35C1D-AD0D-33F6-98CA-BDD5FA431B94}"
	ProjectSection(ProjectDependencies) = postProject
		{DAA0692F-B1C1-39EA-8F2C-A0934698A7CC} = {DAA0692F-B1C1-39EA-8F2C-A0934698A7CC}
		{5E591803-66C9-3BF1-BF18-E65CEDD27633} = {5E591803-66C9-3BF1-BF18-E65CEDD27633}
	EndProjectSection
EndProject
Project("{8BC9CEB8-8B4A-11D0-8D11-00A0C91BC942}") = "scantest", "test\scantest.vcxproj", "{F1100E36-54C5-3272-92F2-1D80CFBD7691}"
	ProjectSection(ProjectDependencies) = postProject
		{DAA0692F-B1C1-39EA-8F2C-A0934698A7CC} = {DAA0692F-B1C1-39EA-8F2C-A0934698A7CC}
		{5E591803-66C9-3BF1-BF18-E65CEDD27633} = {5E591803-66C9-3BF1-BF18-E65CEDD27633}
	EndProjectSection
EndProject
Global
	GlobalSection(SolutionConfigurationPlatforms) = preSolution
		Debug|x64 = Debug|x64
		Release|x64 = Release|x64
		MinSizeRel|x64 = MinSizeRel|x64
		RelWithDebInfo|x64 = RelWithDebInfo|x64
	EndGlobalSection
	GlobalSection(ProjectConfigurationPlatforms) = postSolution
		{6A3D37FE-9A1F-3417-A1E3-1866D0912D68}.Debug|x64.ActiveCfg = Debug|x64
		{6A3D37FE-9A1F-3417-A1E3-1866D0912D68}.Debug|x64.Build.0 = Debug|x64
		{6A3D37FE-9A1F-3417-A1E3-1866D0912D68}.Release|x64.ActiveCfg = Release|x64
		{6A3D37FE-9A1F-3417-A1E3-1866D0912D68}.Release|x64.Build.0 = Release|x64
		{6A3D37FE-9A1F-3417-A1E3-1866D0912D68}.MinSizeRel|x64.ActiveCfg = MinSizeRel|x64
		{6A3D37FE-9A1F-3417-A1E3-1866D0912D68}.MinSizeRel|x64.Build.0 = MinSizeRel|x64
		{6A3D37FE-9A1F-3417-A1E3-1866D0912D68}.RelWithDebInfo|x64.ActiveCfg = RelWithDebInfo|x64
		{6A3D37FE-9A1F-3417-A1E3-1866D0912D68}.RelWithDebInfo|x64.Build.0 = RelWithDebInfo|x64
		{E7D528CF-026A-3EE5-94F8-9985596E7E58}.Debug|x64.ActiveCfg = Debug|x64
		{E7D528CF-026A-3EE5-94F8-9985596E7E58}.Release|x64.ActiveCfg = Release|x64
		{E7D528CF-026A-3EE5-94F8-9985596E7E58}.MinSizeRel|x64.ActiveCfg = MinSizeRel|x64
		{E7D528CF-026A-3EE5-94F8-9985596E7E58}.RelWithDebInfo|x64.ActiveCfg = RelWithDebInfo|x64
		{DAA0692F-B1C1-39EA-8F2C-A0934698A7CC}.Debug|x64.ActiveCfg = Debug|x64
		{DAA0692F-B1C1-39EA-8F2C-A0934698A7CC}.Debug|x64.Build.0 = Debug|x64
		{DAA0692F-B1C1-39EA-8F2C-A0934698A7CC}.Release|x64.ActiveCfg = Release|x64
		{DAA0692F-B1C1-39EA-8F2C-A0934698A7CC}.Release|x64.Build.0 = Release|x64
		{DAA0692F-B1C1-39EA-8F2C-A0934698A7CC}.MinSizeRel|x64.ActiveCfg = MinSizeRel|x64
		{DAA0692F-B1C1-39EA-8F2C-A0934698A7CC}.MinSizeRel|x64.Build.0 = MinSizeRel|x64
		{DAA0692F-B1C1-39EA-8F2C-A0934698A7CC}.RelWithDebInfo|x64.ActiveCfg = RelWithDebInfo|x64
		{DAA0692F-B1C1-39EA-8F2C-A0934698A7CC}.RelWithDebInfo|x64.Build.0 = RelWithDebInfo|x64
		{5E591803-66C9-3BF1-BF18-E65CEDD27633}.Debug|x64.ActiveCfg = Debug|x64
		{5E591803-66C9-3BF1-BF18-E65CEDD27633}.Debug|x64.Build.0 = Debug|x64
		{5E591803-66C9-3BF1-BF18-E65CEDD27633}.Release|x64.ActiveCfg = Release|x64
		{5E591803-66C9-3BF1-BF18-E65CEDD27633}.Release|x64.Build.0 = Release|x64
		{5E591803-66C9-3BF1-BF18-E65CEDD27633}.MinSizeRel|x64.ActiveCfg = MinSizeRel|x64
		{5E591803-66C9-3BF1-BF18-E65CEDD27633}.MinSizeRel|x64.Build.0 = MinSizeRel|x64
		{5E591803-66C9-3BF1-BF18-E65CEDD27633}.RelWithDebInfo|x64.ActiveCfg = RelWithDebInfo|x64
		{5E591803-66C9-3BF1-BF18-E65CEDD27633}.RelWithDebInfo|x64.Build.0 = RelWithDebInfo|x64
		{5FB4B230-6B72-3323-9A3D-28DC7B04345E}.Debug|x64.ActiveCfg = Debug|x64
		{5FB4B230-6B72-3323-9A3D-28DC7B04345E}.Debug|x64.Build.0 = Debug|x64
		{5FB4B230-6B72-3323-9A3D-28DC7B04345E}.Release|x64.ActiveCfg = Release|x64
		{5FB4B230-6B72-3323-9A3D-28DC7B04345E}.Release|x64.Build.0 = Release|x64
		{5FB4B230-6B72-3323-9A3D-28DC7B04345E}.MinSizeRel|x64.ActiveCfg = MinSizeRel|x64
		{5FB4B230-6B72-3323-9A3D-28DC7B04345E}.MinSizeRel|x64.Build.0 = MinSizeRel|x64
		{5FB4B230-6B72-3323-9A3D-28DC7B04345E}.RelWithDebInfo|x64.ActiveCfg = RelWithDebInfo|x64
		{5FB4B230-6B72-3323-9A3D-28DC7B04345E}.RelWithDebInfo|x64.Build.0 = RelWithDebInfo|x64
		{04C35C1D-AD0D-33F6-98CA-BDD5FA431B94}.Debug|x64.ActiveCfg = Debug|x64
		{04C35C1D-AD0D-33F6-98CA-BDD5FA431B94}.Debug|x64.Build.0 = Debug|x64
		{04C35C1D-AD0D-33F6-98CA-BDD5FA431B94}.Release|x64.ActiveCfg = Release|x64
		{04C35C1D-AD0D-33F6-98CA-BDD5FA431B94}.Release|x64.Build.0 = Release|x64
		{04C35C1D-AD0D-33F6-98CA-BDD5FA431B94}.MinSizeRel|x64.ActiveCfg = MinSizeRel|x64
		{04C35C1D-AD0D-33F6-98CA-BDD5FA431B94}.MinSizeRel|x64.Build.0 = MinSizeRel|x64
		{04C35C1D-AD0D-33F6-98CA-BDD5FA431B94}.RelWithDebInfo|x64.ActiveCfg = RelWithDebInfo|x64
		{04C35C1D-AD0D-33F6-98CA-BDD5FA431B94}.RelWithDebInfo|x64.Build.0 = RelWithDebInfo|x64
		{F1100E36-54C5-3272-92F2-1D80CFBD7691}.Debug|x64.ActiveCfg = Debug|x64
		{F1100E36-54C5-3272-92F2-1D80CFBD7691}.Debug|x64.Build.0 = Debug|x64
		{F1100E36-54C5-3272-92F2-1D80CFBD7691}.Release|x64.ActiveCfg = Release|x64
		{F1100E36-54C5-3272-92F2-1D80CFBD7691}.Release|x64.Build.0 = Release|x64
		{F1100E36-54C5-3272-92F2-1D80CFBD7691}.MinSizeRel|x64.ActiveCfg = MinSizeRel|x64
		{F1100E36-54C5-3272-92F2-1D80CFBD7691}.MinSizeRel|x64.Build.0 = MinSizeRel|x64
		{F1100E36-54C5-3272-92F2-1D80CFBD7691}.RelWithDebInfo|x64.ActiveCfg = RelWithDebInfo|x64
		{F1100E36-54C5-3272-92F2-1D80CFBD7691}.RelWithDebInfo|x64.Build.0 = RelWithDebInfo|x64
	EndGlobalSection
	GlobalSection(ExtensibilityGlobals) = postSolution
		SolutionGuid = {77F0A51B-340B-3424-9C1C-CBC2242E1D96}
	EndGlobalSection
	GlobalSection(ExtensibilityAddIns) = postSolution
	EndGlobalSection
EndGlobal
